
Microsoft Visual Studio Solution File, Format Version 12.00
# Visual Studio Version 17
VisualStudioVersion = 17.9.34723.18
MinimumVisualStudioVersion = 10.0.40219.1
Project("{FAE04EC0-301F-11D3-BF4B-00C04F79EFBC}") = "EmployeeTask", "EmployeeTask.csproj", "{44EDE36A-8C9A-4EC4-827D-5D133E0735E3}"
EndProject
Global
	GlobalSection(SolutionConfigurationPlatforms) = preSolution
		Debug|Any CPU = Debug|Any CPU
		Release|Any CPU = Release|Any CPU
	EndGlobalSection
	GlobalSection(ProjectConfigurationPlatforms) = postSolution
		{44EDE36A-8C9A-4EC4-827D-5D133E0735E3}.Debug|Any CPU.ActiveCfg = Debug|Any CPU
		{44EDE36A-8C9A-4EC4-827D-5D133E0735E3}.Debug|Any CPU.Build.0 = Debug|Any CPU
		{44EDE36A-8C9A-4EC4-827D-5D133E0735E3}.Release|Any CPU.ActiveCfg = Release|Any CPU
		{44EDE36A-8C9A-4EC4-827D-5D133E0735E3}.Release|Any CPU.Build.0 = Release|Any CPU
	EndGlobalSection
	GlobalSection(SolutionProperties) = preSolution
		HideSolutionNode = FALSE
	EndGlobalSection
	GlobalSection(ExtensibilityGlobals) = postSolution
		SolutionGuid = {3C75322B-1B8B-4839-97CB-96B63759C017}
	EndGlobalSection
EndGlobal
